
Microsoft Visual Studio Solution File, Format Version 12.00
# Visual Studio 15
VisualStudioVersion = 15.0.28010.2048
MinimumVisualStudioVersion = 10.0.40219.1
Project("{FAE04EC0-301F-11D3-BF4B-00C04F79EFBC}") = "SarasApp.Android", "SarasApp\SarasApp.Android\SarasApp.Android.csproj", "{9342FEF9-0310-42D1-A372-B1A2B2E0E5C2}"
EndProject
Project("{FAE04EC0-301F-11D3-BF4B-00C04F79EFBC}") = "SarasApp", "SarasApp\SarasApp\SarasApp.csproj", "{0C6D24E5-CE78-4EB5-8D3B-A3199B26EABD}"
EndProject
Global
	GlobalSection(SolutionConfigurationPlatforms) = preSolution
		Ad-Hoc|Any CPU = Ad-Hoc|Any CPU
		Ad-Hoc|ARM = Ad-Hoc|ARM
		Ad-Hoc|iPhone = Ad-Hoc|iPhone
		Ad-Hoc|iPhoneSimulator = Ad-Hoc|iPhoneSimulator
		Ad-Hoc|x64 = Ad-Hoc|x64
		Ad-Hoc|x86 = Ad-Hoc|x86
		AppStore|Any CPU = AppStore|Any CPU
		AppStore|ARM = AppStore|ARM
		AppStore|iPhone = AppStore|iPhone
		AppStore|iPhoneSimulator = AppStore|iPhoneSimulator
		AppStore|x64 = AppStore|x64
		AppStore|x86 = AppStore|x86
		Debug|Any CPU = Debug|Any CPU
		Debug|ARM = Debug|ARM
		Debug|iPhone = Debug|iPhone
		Debug|iPhoneSimulator = Debug|iPhoneSimulator
		Debug|x64 = Debug|x64
		Debug|x86 = Debug|x86
		Release|Any CPU = Release|Any CPU
		Release|ARM = Release|ARM
		Release|iPhone = Release|iPhone
		Release|iPhoneSimulator = Release|iPhoneSimulator
		Release|x64 = Release|x64
		Release|x86 = Release|x86
	EndGlobalSection
	GlobalSection(ProjectConfigurationPlatforms) = postSolution
		{9342FEF9-0310-42D1-A372-B1A2B2E0E5C2}.Ad-Hoc|Any CPU.ActiveCfg = Release|Any CPU
		{9342FEF9-0310-42D1-A372-B1A2B2E0E5C2}.Ad-Hoc|Any CPU.Build.0 = Release|Any CPU
		{9342FEF9-0310-42D1-A372-B1A2B2E0E5C2}.Ad-Hoc|Any CPU.Deploy.0 = Release|Any CPU
		{9342FEF9-0310-42D1-A372-B1A2B2E0E5C2}.Ad-Hoc|ARM.ActiveCfg = Release|Any CPU
		{9342FEF9-0310-42D1-A372-B1A2B2E0E5C2}.Ad-Hoc|ARM.Build.0 = Release|Any CPU
		{9342FEF9-0310-42D1-A372-B1A2B2E0E5C2}.Ad-Hoc|ARM.Deploy.0 = Release|Any CPU
		{9342FEF9-0310-42D1-A372-B1A2B2E0E5C2}.Ad-Hoc|iPhone.ActiveCfg = Release|Any CPU
		{9342FEF9-0310-42D1-A372-B1A2B2E0E5C2}.Ad-Hoc|iPhone.Build.0 = Release|Any CPU
		{9342FEF9-0310-42D1-A372-B1A2B2E0E5C2}.Ad-Hoc|iPhone.Deploy.0 = Release|Any CPU
		{9342FEF9-0310-42D1-A372-B1A2B2E0E5C2}.Ad-Hoc|iPhoneSimulator.ActiveCfg = Release|Any CPU
		{9342FEF9-0310-42D1-A372-B1A2B2E0E5C2}.Ad-Hoc|iPhoneSimulator.Build.0 = Release|Any CPU
		{9342FEF9-0310-42D1-A372-B1A2B2E0E5C2}.Ad-Hoc|iPhoneSimulator.Deploy.0 = Release|Any CPU
		{9342FEF9-0310-42D1-A372-B1A2B2E0E5C2}.Ad-Hoc|x64.ActiveCfg = Release|Any CPU
		{9342FEF9-0310-42D1-A372-B1A2B2E0E5C2}.Ad-Hoc|x64.Build.0 = Release|Any CPU
		{9342FEF9-0310-42D1-A372-B1A2B2E0E5C2}.Ad-Hoc|x64.Deploy.0 = Release|Any CPU
		{9342FEF9-0310-42D1-A372-B1A2B2E0E5C2}.Ad-Hoc|x86.ActiveCfg = Release|Any CPU
		{9342FEF9-0310-42D1-A372-B1A2B2E0E5C2}.Ad-Hoc|x86.Build.0 = Release|Any CPU
		{9342FEF9-0310-42D1-A372-B1A2B2E0E5C2}.Ad-Hoc|x86.Deploy.0 = Release|Any CPU
		{9342FEF9-0310-42D1-A372-B1A2B2E0E5C2}.AppStore|Any CPU.ActiveCfg = Release|Any CPU
		{9342FEF9-0310-42D1-A372-B1A2B2E0E5C2}.AppStore|Any CPU.Build.0 = Release|Any CPU
		{9342FEF9-0310-42D1-A372-B1A2B2E0E5C2}.AppStore|Any CPU.Deploy.0 = Release|Any CPU
		{9342FEF9-0310-42D1-A372-B1A2B2E0E5C2}.AppStore|ARM.ActiveCfg = Release|Any CPU
		{9342FEF9-0310-42D1-A372-B1A2B2E0E5C2}.AppStore|ARM.Build.0 = Release|Any CPU
		{9342FEF9-0310-42D1-A372-B1A2B2E0E5C2}.AppStore|ARM.Deploy.0 = Release|Any CPU
		{9342FEF9-0310-42D1-A372-B1A2B2E0E5C2}.AppStore|iPhone.ActiveCfg = Release|Any CPU
		{9342FEF9-0310-42D1-A372-B1A2B2E0E5C2}.AppStore|iPhone.Build.0 = Release|Any CPU
		{9342FEF9-0310-42D1-A372-B1A2B2E0E5C2}.AppStore|iPhone.Deploy.0 = Release|Any CPU
		{9342FEF9-0310-42D1-A372-B1A2B2E0E5C2}.AppStore|iPhoneSimulator.ActiveCfg = Release|Any CPU
		{9342FEF9-0310-42D1-A372-B1A2B2E0E5C2}.AppStore|iPhoneSimulator.Build.0 = Release|Any CPU
		{9342FEF9-0310-42D1-A372-B1A2B2E0E5C2}.AppStore|iPhoneSimulator.Deploy.0 = Release|Any CPU
		{9342FEF9-0310-42D1-A372-B1A2B2E0E5C2}.AppStore|x64.ActiveCfg = Release|Any CPU
		{9342FEF9-0310-42D1-A372-B1A2B2E0E5C2}.AppStore|x64.Build.0 = Release|Any CPU
		{9342FEF9-0310-42D1-A372-B1A2B2E0E5C2}.AppStore|x64.Deploy.0 = Release|Any CPU
		{9342FEF9-0310-42D1-A372-B1A2B2E0E5C2}.AppStore|x86.ActiveCfg = Release|Any CPU
		{9342FEF9-0310-42D1-A372-B1A2B2E0E5C2}.AppStore|x86.Build.0 = Release|Any CPU
		{9342FEF9-0310-42D1-A372-B1A2B2E0E5C2}.AppStore|x86.Deploy.0 = Release|Any CPU
		{9342FEF9-0310-42D1-A372-B1A2B2E0E5C2}.Debug|Any CPU.ActiveCfg = Debug|Any CPU
		{9342FEF9-0310-42D1-A372-B1A2B2E0E5C2}.Debug|Any CPU.Build.0 = Debug|Any CPU
		{9342FEF9-0310-42D1-A372-B1A2B2E0E5C2}.Debug|Any CPU.Deploy.0 = Debug|Any CPU
		{9342FEF9-0310-42D1-A372-B1A2B2E0E5C2}.Debug|ARM.ActiveCfg = Debug|Any CPU
		{9342FEF9-0310-42D1-A372-B1A2B2E0E5C2}.Debug|ARM.Build.0 = Debug|Any CPU
		{9342FEF9-0310-42D1-A372-B1A2B2E0E5C2}.Debug|ARM.Deploy.0 = Debug|Any CPU
		{9342FEF9-0310-42D1-A372-B1A2B2E0E5C2}.Debug|iPhone.ActiveCfg = Debug|Any CPU
		{9342FEF9-0310-42D1-A372-B1A2B2E0E5C2}.Debug|iPhone.Build.0 = Debug|Any CPU
		{9342FEF9-0310-42D1-A372-B1A2B2E0E5C2}.Debug|iPhone.Deploy.0 = Debug|Any CPU
		{9342FEF9-0310-42D1-A372-B1A2B2E0E5C2}.Debug|iPhoneSimulator.ActiveCfg = Debug|Any CPU
		{9342FEF9-0310-42D1-A372-B1A2B2E0E5C2}.Debug|iPhoneSimulator.Build.0 = Debug|Any CPU
		{9342FEF9-0310-42D1-A372-B1A2B2E0E5C2}.Debug|iPhoneSimulator.Deploy.0 = Debug|Any CPU
		{9342FEF9-0310-42D1-A372-B1A2B2E0E5C2}.Debug|x64.ActiveCfg = Debug|Any CPU
		{9342FEF9-0310-42D1-A372-B1A2B2E0E5C2}.Debug|x64.Build.0 = Debug|Any CPU
		{9342FEF9-0310-42D1-A372-B1A2B2E0E5C2}.Debug|x64.Deploy.0 = Debug|Any CPU
		{9342FEF9-0310-42D1-A372-B1A2B2E0E5C2}.Debug|x86.ActiveCfg = Debug|Any CPU
		{9342FEF9-0310-42D1-A372-B1A2B2E0E5C2}.Debug|x86.Build.0 = Debug|Any CPU
		{9342FEF9-0310-42D1-A372-B1A2B2E0E5C2}.Debug|x86.Deploy.0 = Debug|Any CPU
		{9342FEF9-0310-42D1-A372-B1A2B2E0E5C2}.Release|Any CPU.ActiveCfg = Release|Any CPU
		{9342FEF9-0310-42D1-A372-B1A2B2E0E5C2}.Release|Any CPU.Build.0 = Release|Any CPU
		{9342FEF9-0310-42D1-A372-B1A2B2E0E5C2}.Release|Any CPU.Deploy.0 = Release|Any CPU
		{9342FEF9-0310-42D1-A372-B1A2B2E0E5C2}.Release|ARM.ActiveCfg = Release|Any CPU
		{9342FEF9-0310-42D1-A372-B1A2B2E0E5C2}.Release|ARM.Build.0 = Release|Any CPU
		{9342FEF9-0310-42D1-A372-B1A2B2E0E5C2}.Release|ARM.Deploy.0 = Release|Any CPU
		{9342FEF9-0310-42D1-A372-B1A2B2E0E5C2}.Release|iPhone.ActiveCfg = Release|Any CPU
		{9342FEF9-0310-42D1-A372-B1A2B2E0E5C2}.Release|iPhone.Build.0 = Release|Any CPU
		{9342FEF9-0310-42D1-A372-B1A2B2E0E5C2}.Release|iPhone.Deploy.0 = Release|Any CPU
		{9342FEF9-0310-42D1-A372-B1A2B2E0E5C2}.Release|iPhoneSimulator.ActiveCfg = Release|Any CPU
		{9342FEF9-0310-42D1-A372-B1A2B2E0E5C2}.Release|iPhoneSimulator.Build.0 = Release|Any CPU
		{9342FEF9-0310-42D1-A372-B1A2B2E0E5C2}.Release|iPhoneSimulator.Deploy.0 = Release|Any CPU
		{9342FEF9-0310-42D1-A372-B1A2B2E0E5C2}.Release|x64.ActiveCfg = Release|Any CPU
		{9342FEF9-0310-42D1-A372-B1A2B2E0E5C2}.Release|x64.Build.0 = Release|Any CPU
		{9342FEF9-0310-42D1-A372-B1A2B2E0E5C2}.Release|x64.Deploy.0 = Release|Any CPU
		{9342FEF9-0310-42D1-A372-B1A2B2E0E5C2}.Release|x86.ActiveCfg = Release|Any CPU
		{9342FEF9-0310-42D1-A372-B1A2B2E0E5C2}.Release|x86.Build.0 = Release|Any CPU
		{9342FEF9-0310-42D1-A372-B1A2B2E0E5C2}.Release|x86.Deploy.0 = Release|Any CPU
		{0C6D24E5-CE78-4EB5-8D3B-A3199B26EABD}.Ad-Hoc|Any CPU.ActiveCfg = Debug|Any CPU
		{0C6D24E5-CE78-4EB5-8D3B-A3199B26EABD}.Ad-Hoc|Any CPU.Build.0 = Debug|Any CPU
		{0C6D24E5-CE78-4EB5-8D3B-A3199B26EABD}.Ad-Hoc|Any CPU.Deploy.0 = Debug|Any CPU
		{0C6D24E5-CE78-4EB5-8D3B-A3199B26EABD}.Ad-Hoc|ARM.ActiveCfg = Debug|Any CPU
		{0C6D24E5-CE78-4EB5-8D3B-A3199B26EABD}.Ad-Hoc|ARM.Build.0 = Debug|Any CPU
		{0C6D24E5-CE78-4EB5-8D3B-A3199B26EABD}.Ad-Hoc|ARM.Deploy.0 = Debug|Any CPU
		{0C6D24E5-CE78-4EB5-8D3B-A3199B26EABD}.Ad-Hoc|iPhone.ActiveCfg = Debug|Any CPU
		{0C6D24E5-CE78-4EB5-8D3B-A3199B26EABD}.Ad-Hoc|iPhone.Build.0 = Debug|Any CPU
		{0C6D24E5-CE78-4EB5-8D3B-A3199B26EABD}.Ad-Hoc|iPhone.Deploy.0 = Debug|Any CPU
		{0C6D24E5-CE78-4EB5-8D3B-A3199B26EABD}.Ad-Hoc|iPhoneSimulator.ActiveCfg = Debug|Any CPU
		{0C6D24E5-CE78-4EB5-8D3B-A3199B26EABD}.Ad-Hoc|iPhoneSimulator.Build.0 = Debug|Any CPU
		{0C6D24E5-CE78-4EB5-8D3B-A3199B26EABD}.Ad-Hoc|iPhoneSimulator.Deploy.0 = Debug|Any CPU
		{0C6D24E5-CE78-4EB5-8D3B-A3199B26EABD}.Ad-Hoc|x64.ActiveCfg = Debug|Any CPU
		{0C6D24E5-CE78-4EB5-8D3B-A3199B26EABD}.Ad-Hoc|x64.Build.0 = Debug|Any CPU
		{0C6D24E5-CE78-4EB5-8D3B-A3199B26EABD}.Ad-Hoc|x64.Deploy.0 = Debug|Any CPU
		{0C6D24E5-CE78-4EB5-8D3B-A3199B26EABD}.Ad-Hoc|x86.ActiveCfg = Debug|Any CPU
		{0C6D24E5-CE78-4EB5-8D3B-A3199B26EABD}.Ad-Hoc|x86.Build.0 = Debug|Any CPU
		{0C6D24E5-CE78-4EB5-8D3B-A3199B26EABD}.Ad-Hoc|x86.Deploy.0 = Debug|Any CPU
		{0C6D24E5-CE78-4EB5-8D3B-A3199B26EABD}.AppStore|Any CPU.ActiveCfg = Debug|Any CPU
		{0C6D24E5-CE78-4EB5-8D3B-A3199B26EABD}.AppStore|Any CPU.Build.0 = Debug|Any CPU
		{0C6D24E5-CE78-4EB5-8D3B-A3199B26EABD}.AppStore|Any CPU.Deploy.0 = Debug|Any CPU
		{0C6D24E5-CE78-4EB5-8D3B-A3199B26EABD}.AppStore|ARM.ActiveCfg = Debug|Any CPU
		{0C6D24E5-CE78-4EB5-8D3B-A3199B26EABD}.AppStore|ARM.Build.0 = Debug|Any CPU
		{0C6D24E5-CE78-4EB5-8D3B-A3199B26EABD}.AppStore|ARM.Deploy.0 = Debug|Any CPU
		{0C6D24E5-CE78-4EB5-8D3B-A3199B26EABD}.AppStore|iPhone.ActiveCfg = Debug|Any CPU
		{0C6D24E5-CE78-4EB5-8D3B-A3199B26EABD}.AppStore|iPhone.Build.0 = Debug|Any CPU
		{0C6D24E5-CE78-4EB5-8D3B-A3199B26EABD}.AppStore|iPhone.Deploy.0 = Debug|Any CPU
		{0C6D24E5-CE78-4EB5-8D3B-A3199B26EABD}.AppStore|iPhoneSimulator.ActiveCfg = Debug|Any CPU
		{0C6D24E5-CE78-4EB5-8D3B-A3199B26EABD}.AppStore|iPhoneSimulator.Build.0 = Debug|Any CPU
		{0C6D24E5-CE78-4EB5-8D3B-A3199B26EABD}.AppStore|iPhoneSimulator.Deploy.0 = Debug|Any CPU
		{0C6D24E5-CE78-4EB5-8D3B-A3199B26EABD}.AppStore|x64.ActiveCfg = Debug|Any CPU
		{0C6D24E5-CE78-4EB5-8D3B-A3199B26EABD}.AppStore|x64.Build.0 = Debug|Any CPU
		{0C6D24E5-CE78-4EB5-8D3B-A3199B26EABD}.AppStore|x64.Deploy.0 = Debug|Any CPU
		{0C6D24E5-CE78-4EB5-8D3B-A3199B26EABD}.AppStore|x86.ActiveCfg = Debug|Any CPU
		{0C6D24E5-CE78-4EB5-8D3B-A3199B26EABD}.AppStore|x86.Build.0 = Debug|Any CPU
		{0C6D24E5-CE78-4EB5-8D3B-A3199B26EABD}.AppStore|x86.Deploy.0 = Debug|Any CPU
		{0C6D24E5-CE78-4EB5-8D3B-A3199B26EABD}.Debug|Any CPU.ActiveCfg = Debug|Any CPU
		{0C6D24E5-CE78-4EB5-8D3B-A3199B26EABD}.Debug|Any CPU.Build.0 = Debug|Any CPU
		{0C6D24E5-CE78-4EB5-8D3B-A3199B26EABD}.Debug|Any CPU.Deploy.0 = Debug|Any CPU
		{0C6D24E5-CE78-4EB5-8D3B-A3199B26EABD}.Debug|ARM.ActiveCfg = Debug|Any CPU
		{0C6D24E5-CE78-4EB5-8D3B-A3199B26EABD}.Debug|ARM.Build.0 = Debug|Any CPU
		{0C6D24E5-CE78-4EB5-8D3B-A3199B26EABD}.Debug|ARM.Deploy.0 = Debug|Any CPU
		{0C6D24E5-CE78-4EB5-8D3B-A3199B26EABD}.Debug|iPhone.ActiveCfg = Debug|Any CPU
		{0C6D24E5-CE78-4EB5-8D3B-A3199B26EABD}.Debug|iPhone.Build.0 = Debug|Any CPU
		{0C6D24E5-CE78-4EB5-8D3B-A3199B26EABD}.Debug|iPhone.Deploy.0 = Debug|Any CPU
		{0C6D24E5-CE78-4EB5-8D3B-A3199B26EABD}.Debug|iPhoneSimulator.ActiveCfg = Debug|Any CPU
		{0C6D24E5-CE78-4EB5-8D3B-A3199B26EABD}.Debug|iPhoneSimulator.Build.0 = Debug|Any CPU
		{0C6D24E5-CE78-4EB5-8D3B-A3199B26EABD}.Debug|iPhoneSimulator.Deploy.0 = Debug|Any CPU
		{0C6D24E5-CE78-4EB5-8D3B-A3199B26EABD}.Debug|x64.ActiveCfg = Debug|Any CPU
		{0C6D24E5-CE78-4EB5-8D3B-A3199B26EABD}.Debug|x64.Build.0 = Debug|Any CPU
		{0C6D24E5-CE78-4EB5-8D3B-A3199B26EABD}.Debug|x64.Deploy.0 = Debug|Any CPU
		{0C6D24E5-CE78-4EB5-8D3B-A3199B26EABD}.Debug|x86.ActiveCfg = Debug|Any CPU
		{0C6D24E5-CE78-4EB5-8D3B-A3199B26EABD}.Debug|x86.Build.0 = Debug|Any CPU
		{0C6D24E5-CE78-4EB5-8D3B-A3199B26EABD}.Debug|x86.Deploy.0 = Debug|Any CPU
		{0C6D24E5-CE78-4EB5-8D3B-A3199B26EABD}.Release|Any CPU.ActiveCfg = Release|Any CPU
		{0C6D24E5-CE78-4EB5-8D3B-A3199B26EABD}.Release|Any CPU.Build.0 = Release|Any CPU
		{0C6D24E5-CE78-4EB5-8D3B-A3199B26EABD}.Release|Any CPU.Deploy.0 = Release|Any CPU
		{0C6D24E5-CE78-4EB5-8D3B-A3199B26EABD}.Release|ARM.ActiveCfg = Release|Any CPU
		{0C6D24E5-CE78-4EB5-8D3B-A3199B26EABD}.Release|ARM.Build.0 = Release|Any CPU
		{0C6D24E5-CE78-4EB5-8D3B-A3199B26EABD}.Release|ARM.Deploy.0 = Release|Any CPU
		{0C6D24E5-CE78-4EB5-8D3B-A3199B26EABD}.Release|iPhone.ActiveCfg = Release|Any CPU
		{0C6D24E5-CE78-4EB5-8D3B-A3199B26EABD}.Release|iPhone.Build.0 = Release|Any CPU
		{0C6D24E5-CE78-4EB5-8D3B-A3199B26EABD}.Release|iPhone.Deploy.0 = Release|Any CPU
		{0C6D24E5-CE78-4EB5-8D3B-A3199B26EABD}.Release|iPhoneSimulator.ActiveCfg = Release|Any CPU
		{0C6D24E5-CE78-4EB5-8D3B-A3199B26EABD}.Release|iPhoneSimulator.Build.0 = Release|Any CPU
		{0C6D24E5-CE78-4EB5-8D3B-A3199B26EABD}.Release|iPhoneSimulator.Deploy.0 = Release|Any CPU
		{0C6D24E5-CE78-4EB5-8D3B-A3199B26EABD}.Release|x64.ActiveCfg = Release|Any CPU
		{0C6D24E5-CE78-4EB5-8D3B-A3199B26EABD}.Release|x64.Build.0 = Release|Any CPU
		{0C6D24E5-CE78-4EB5-8D3B-A3199B26EABD}.Release|x64.Deploy.0 = Release|Any CPU
		{0C6D24E5-CE78-4EB5-8D3B-A3199B26EABD}.Release|x86.ActiveCfg = Release|Any CPU
		{0C6D24E5-CE78-4EB5-8D3B-A3199B26EABD}.Release|x86.Build.0 = Release|Any CPU
		{0C6D24E5-CE78-4EB5-8D3B-A3199B26EABD}.Release|x86.Deploy.0 = Release|Any CPU
	EndGlobalSection
	GlobalSection(SolutionProperties) = preSolution
		HideSolutionNode = FALSE
	EndGlobalSection
	GlobalSection(ExtensibilityGlobals) = postSolution
		SolutionGuid = {4CC6C675-FD64-428E-8EFC-D0CC64648ABA}
	EndGlobalSection
EndGlobal
